
Microsoft Visual Studio Solution File, Format Version 12.00
# Visual Studio Version 16
VisualStudioVersion = 25.0.1705.3
MinimumVisualStudioVersion = 10.0.40219.1
Project("{FAE04EC0-301F-11D3-BF4B-00C04F79EFBC}") = "CupomEletronicoAPI", "CupomEletronicoAPI\CupomEletronicoAPI.csproj", "{7E622B61-7234-47BD-A85B-F0F9289F18FD}"
EndProject
Project("{FAE04EC0-301F-11D3-BF4B-00C04F79EFBC}") = "Dominio", "Dominio\Dominio.csproj", "{5D3E76B5-BE80-40BB-9EA5-16F57C4444B7}"
EndProject
Global
	GlobalSection(SolutionConfigurationPlatforms) = preSolution
		Debug|Any CPU = Debug|Any CPU
		Release|Any CPU = Release|Any CPU
	EndGlobalSection
	GlobalSection(ProjectConfigurationPlatforms) = postSolution
		{7E622B61-7234-47BD-A85B-F0F9289F18FD}.Debug|Any CPU.ActiveCfg = Debug|Any CPU
		{7E622B61-7234-47BD-A85B-F0F9289F18FD}.Debug|Any CPU.Build.0 = Debug|Any CPU
		{7E622B61-7234-47BD-A85B-F0F9289F18FD}.Release|Any CPU.ActiveCfg = Release|Any CPU
		{7E622B61-7234-47BD-A85B-F0F9289F18FD}.Release|Any CPU.Build.0 = Release|Any CPU
		{5D3E76B5-BE80-40BB-9EA5-16F57C4444B7}.Debug|Any CPU.ActiveCfg = Debug|Any CPU
		{5D3E76B5-BE80-40BB-9EA5-16F57C4444B7}.Debug|Any CPU.Build.0 = Debug|Any CPU
		{5D3E76B5-BE80-40BB-9EA5-16F57C4444B7}.Release|Any CPU.ActiveCfg = Release|Any CPU
		{5D3E76B5-BE80-40BB-9EA5-16F57C4444B7}.Release|Any CPU.Build.0 = Release|Any CPU
	EndGlobalSection
	GlobalSection(SolutionProperties) = preSolution
		HideSolutionNode = FALSE
	EndGlobalSection
	GlobalSection(ExtensibilityGlobals) = postSolution
		SolutionGuid = {752F3D90-BDB7-4661-8A9E-9C3F7964E28C}
	EndGlobalSection
EndGlobal
